// !$*UTF8*$!
{
	archiveVersion = 1;
	classes = {
	};
	objectVersion = 56;
	objects = {

/* Begin PBXBuildFile section */
		6423C6EE2BCFE3BC00AB94DF /* CreateCharacterDetailViewProtocol.swift in Sources */ = {isa = PBXBuildFile; fileRef = 6423C6ED2BCFE3BC00AB94DF /* CreateCharacterDetailViewProtocol.swift */; };
		644FAED62BCEBD99000574BB /* Rick_MortyWikiApp.swift in Sources */ = {isa = PBXBuildFile; fileRef = 644FAED52BCEBD99000574BB /* Rick_MortyWikiApp.swift */; };
		644FAED82BCEBD99000574BB /* MainContentView.swift in Sources */ = {isa = PBXBuildFile; fileRef = 644FAED72BCEBD99000574BB /* MainContentView.swift */; };
		644FAEDF2BCEBD9D000574BB /* Preview Assets.xcassets in Resources */ = {isa = PBXBuildFile; fileRef = 644FAEDE2BCEBD9D000574BB /* Preview Assets.xcassets */; };
		644FAEE92BCEBD9D000574BB /* Rick_MortyWikiTests.swift in Sources */ = {isa = PBXBuildFile; fileRef = 644FAEE82BCEBD9D000574BB /* Rick_MortyWikiTests.swift */; };
		644FAEF32BCEBD9D000574BB /* Rick_MortyWikiUITests.swift in Sources */ = {isa = PBXBuildFile; fileRef = 644FAEF22BCEBD9D000574BB /* Rick_MortyWikiUITests.swift */; };
		644FAEF52BCEBD9D000574BB /* Rick_MortyWikiUITestsLaunchTests.swift in Sources */ = {isa = PBXBuildFile; fileRef = 644FAEF42BCEBD9D000574BB /* Rick_MortyWikiUITestsLaunchTests.swift */; };
		644FAFA42BCEC0E8000574BB /* Preview Assets.xcassets in Resources */ = {isa = PBXBuildFile; fileRef = 644FAF592BCEC0E7000574BB /* Preview Assets.xcassets */; };
		644FAFB82BCEC0E8000574BB /* PresentationErrorMapper.swift in Sources */ = {isa = PBXBuildFile; fileRef = 644FAF752BCEC0E8000574BB /* PresentationErrorMapper.swift */; };
		644FAFC22BCEC0E8000574BB /* DomainError.swift in Sources */ = {isa = PBXBuildFile; fileRef = 644FAF832BCEC0E8000574BB /* DomainError.swift */; };
		644FAFC32BCEC0E8000574BB /* Assets.xcassets in Resources */ = {isa = PBXBuildFile; fileRef = 644FAF852BCEC0E8000574BB /* Assets.xcassets */; };
		644FAFCA2BCEC0E8000574BB /* CharacterCardView.swift in Sources */ = {isa = PBXBuildFile; fileRef = 644FAF8D2BCEC0E8000574BB /* CharacterCardView.swift */; };
		644FAFCC2BCEC0E8000574BB /* CharactersListView.swift in Sources */ = {isa = PBXBuildFile; fileRef = 644FAF8F2BCEC0E8000574BB /* CharactersListView.swift */; };
		644FAFD12BCEC50E000574BB /* APICharactersDataSource.swift in Sources */ = {isa = PBXBuildFile; fileRef = 644FAFD02BCEC50E000574BB /* APICharactersDataSource.swift */; };
		644FAFD42BCEC7E8000574BB /* RickMortySwiftApi in Frameworks */ = {isa = PBXBuildFile; productRef = 644FAFD32BCEC7E8000574BB /* RickMortySwiftApi */; };
		644FAFD62BCECBB9000574BB /* CharactersRepository.swift in Sources */ = {isa = PBXBuildFile; fileRef = 644FAFD52BCECBB9000574BB /* CharactersRepository.swift */; };
		644FAFDA2BCECF9D000574BB /* CharactersListViewModel.swift in Sources */ = {isa = PBXBuildFile; fileRef = 644FAFD92BCECF9D000574BB /* CharactersListViewModel.swift */; };
		644FAFDC2BCED33D000574BB /* Result.swift in Sources */ = {isa = PBXBuildFile; fileRef = 644FAFDB2BCED33D000574BB /* Result.swift */; };
		644FAFDE2BCED40C000574BB /* CharactersListViewFactory.swift in Sources */ = {isa = PBXBuildFile; fileRef = 644FAFDD2BCED40C000574BB /* CharactersListViewFactory.swift */; };
		64DAC05C2BCF1165008268F6 /* GetCharactersListUseCase.swift in Sources */ = {isa = PBXBuildFile; fileRef = 64DAC05B2BCF1165008268F6 /* GetCharactersListUseCase.swift */; };
		64DAC05F2BCF121A008268F6 /* CharacterDTO.swift in Sources */ = {isa = PBXBuildFile; fileRef = 64DAC05E2BCF121A008268F6 /* CharacterDTO.swift */; };
		64DAC0612BCF12E6008268F6 /* CharacterDomainMapper.swift in Sources */ = {isa = PBXBuildFile; fileRef = 64DAC0602BCF12E6008268F6 /* CharacterDomainMapper.swift */; };
		64DAC0642BCF16F3008268F6 /* HTTPClient.swift in Sources */ = {isa = PBXBuildFile; fileRef = 64DAC0632BCF16F3008268F6 /* HTTPClient.swift */; };
		64DAC0662BCF1773008268F6 /* HTTPClientError.swift in Sources */ = {isa = PBXBuildFile; fileRef = 64DAC0652BCF1773008268F6 /* HTTPClientError.swift */; };
		64DAC0682BCF1D5E008268F6 /* CharacterInfo.swift in Sources */ = {isa = PBXBuildFile; fileRef = 64DAC0672BCF1D5E008268F6 /* CharacterInfo.swift */; };
		64DAC06A2BCF1ECB008268F6 /* CharacterViewItem.swift in Sources */ = {isa = PBXBuildFile; fileRef = 64DAC0692BCF1ECB008268F6 /* CharacterViewItem.swift */; };
		64DAC06C2BCFA606008268F6 /* CharacterStatus.swift in Sources */ = {isa = PBXBuildFile; fileRef = 64DAC06B2BCFA606008268F6 /* CharacterStatus.swift */; };
		64DAC06E2BCFB400008268F6 /* CharactersCacheDataSource.swift in Sources */ = {isa = PBXBuildFile; fileRef = 64DAC06D2BCFB400008268F6 /* CharactersCacheDataSource.swift */; };
		64DAC0702BCFB457008268F6 /* SwiftDataContainer.swift in Sources */ = {isa = PBXBuildFile; fileRef = 64DAC06F2BCFB457008268F6 /* SwiftDataContainer.swift */; };
		64DAC0722BCFB698008268F6 /* CharacterInfoData.swift in Sources */ = {isa = PBXBuildFile; fileRef = 64DAC0712BCFB698008268F6 /* CharacterInfoData.swift */; };
		64DAC0742BCFB75F008268F6 /* CacheContainerProtocol.swift in Sources */ = {isa = PBXBuildFile; fileRef = 64DAC0732BCFB75F008268F6 /* CacheContainerProtocol.swift */; };
		64DAC0762BCFB9CA008268F6 /* GetCharacterDetailUseCase.swift in Sources */ = {isa = PBXBuildFile; fileRef = 64DAC0752BCFB9CA008268F6 /* GetCharacterDetailUseCase.swift */; };
		64DAC07A2BCFBD48008268F6 /* CharacterGender.swift in Sources */ = {isa = PBXBuildFile; fileRef = 64DAC0792BCFBD48008268F6 /* CharacterGender.swift */; };
		64DAC07C2BCFC2B1008268F6 /* String.swift in Sources */ = {isa = PBXBuildFile; fileRef = 64DAC07B2BCFC2B1008268F6 /* String.swift */; };
		64DAC07E2BCFCB92008268F6 /* CharacterDetailViewModel.swift in Sources */ = {isa = PBXBuildFile; fileRef = 64DAC07D2BCFCB92008268F6 /* CharacterDetailViewModel.swift */; };
		64DAC0802BCFCC12008268F6 /* CharacterDetailViewItem.swift in Sources */ = {isa = PBXBuildFile; fileRef = 64DAC07F2BCFCC12008268F6 /* CharacterDetailViewItem.swift */; };
		64DAC0822BCFCD11008268F6 /* CharacterDetailViewFactory.swift in Sources */ = {isa = PBXBuildFile; fileRef = 64DAC0812BCFCD11008268F6 /* CharacterDetailViewFactory.swift */; };
		64DAC0842BCFCD38008268F6 /* CharacterDetailView.swift in Sources */ = {isa = PBXBuildFile; fileRef = 64DAC0832BCFCD38008268F6 /* CharacterDetailView.swift */; };
		64DAC0862BCFCEC1008268F6 /* CharacterDetailComponentView.swift in Sources */ = {isa = PBXBuildFile; fileRef = 64DAC0852BCFCEC1008268F6 /* CharacterDetailComponentView.swift */; };
/* End PBXBuildFile section */

/* Begin PBXContainerItemProxy section */
		644FAEE52BCEBD9D000574BB /* PBXContainerItemProxy */ = {
			isa = PBXContainerItemProxy;
			containerPortal = 644FAECA2BCEBD99000574BB /* Project object */;
			proxyType = 1;
			remoteGlobalIDString = 644FAED12BCEBD99000574BB;
			remoteInfo = "Rick&MortyWiki";
		};
		644FAEEF2BCEBD9D000574BB /* PBXContainerItemProxy */ = {
			isa = PBXContainerItemProxy;
			containerPortal = 644FAECA2BCEBD99000574BB /* Project object */;
			proxyType = 1;
			remoteGlobalIDString = 644FAED12BCEBD99000574BB;
			remoteInfo = "Rick&MortyWiki";
		};
/* End PBXContainerItemProxy section */

/* Begin PBXFileReference section */
		6423C6ED2BCFE3BC00AB94DF /* CreateCharacterDetailViewProtocol.swift */ = {isa = PBXFileReference; lastKnownFileType = sourcecode.swift; path = CreateCharacterDetailViewProtocol.swift; sourceTree = "<group>"; };
		644FAED22BCEBD99000574BB /* Rick&MortyWiki.app */ = {isa = PBXFileReference; explicitFileType = wrapper.application; includeInIndex = 0; path = "Rick&MortyWiki.app"; sourceTree = BUILT_PRODUCTS_DIR; };
		644FAED52BCEBD99000574BB /* Rick_MortyWikiApp.swift */ = {isa = PBXFileReference; lastKnownFileType = sourcecode.swift; path = Rick_MortyWikiApp.swift; sourceTree = "<group>"; };
		644FAED72BCEBD99000574BB /* MainContentView.swift */ = {isa = PBXFileReference; lastKnownFileType = sourcecode.swift; path = MainContentView.swift; sourceTree = "<group>"; };
		644FAEDE2BCEBD9D000574BB /* Preview Assets.xcassets */ = {isa = PBXFileReference; lastKnownFileType = folder.assetcatalog; path = "Preview Assets.xcassets"; sourceTree = "<group>"; };
		644FAEE42BCEBD9D000574BB /* Rick&MortyWikiTests.xctest */ = {isa = PBXFileReference; explicitFileType = wrapper.cfbundle; includeInIndex = 0; path = "Rick&MortyWikiTests.xctest"; sourceTree = BUILT_PRODUCTS_DIR; };
		644FAEE82BCEBD9D000574BB /* Rick_MortyWikiTests.swift */ = {isa = PBXFileReference; lastKnownFileType = sourcecode.swift; path = Rick_MortyWikiTests.swift; sourceTree = "<group>"; };
		644FAEEE2BCEBD9D000574BB /* Rick&MortyWikiUITests.xctest */ = {isa = PBXFileReference; explicitFileType = wrapper.cfbundle; includeInIndex = 0; path = "Rick&MortyWikiUITests.xctest"; sourceTree = BUILT_PRODUCTS_DIR; };
		644FAEF22BCEBD9D000574BB /* Rick_MortyWikiUITests.swift */ = {isa = PBXFileReference; lastKnownFileType = sourcecode.swift; path = Rick_MortyWikiUITests.swift; sourceTree = "<group>"; };
		644FAEF42BCEBD9D000574BB /* Rick_MortyWikiUITestsLaunchTests.swift */ = {isa = PBXFileReference; lastKnownFileType = sourcecode.swift; path = Rick_MortyWikiUITestsLaunchTests.swift; sourceTree = "<group>"; };
		644FAF592BCEC0E7000574BB /* Preview Assets.xcassets */ = {isa = PBXFileReference; lastKnownFileType = folder.assetcatalog; path = "Preview Assets.xcassets"; sourceTree = "<group>"; };
		644FAF752BCEC0E8000574BB /* PresentationErrorMapper.swift */ = {isa = PBXFileReference; fileEncoding = 4; lastKnownFileType = sourcecode.swift; path = PresentationErrorMapper.swift; sourceTree = "<group>"; };
		644FAF832BCEC0E8000574BB /* DomainError.swift */ = {isa = PBXFileReference; fileEncoding = 4; lastKnownFileType = sourcecode.swift; path = DomainError.swift; sourceTree = "<group>"; };
		644FAF852BCEC0E8000574BB /* Assets.xcassets */ = {isa = PBXFileReference; lastKnownFileType = folder.assetcatalog; path = Assets.xcassets; sourceTree = "<group>"; };
		644FAF8D2BCEC0E8000574BB /* CharacterCardView.swift */ = {isa = PBXFileReference; fileEncoding = 4; lastKnownFileType = sourcecode.swift; path = CharacterCardView.swift; sourceTree = "<group>"; };
		644FAF8F2BCEC0E8000574BB /* CharactersListView.swift */ = {isa = PBXFileReference; fileEncoding = 4; lastKnownFileType = sourcecode.swift; path = CharactersListView.swift; sourceTree = "<group>"; };
		644FAFD02BCEC50E000574BB /* APICharactersDataSource.swift */ = {isa = PBXFileReference; lastKnownFileType = sourcecode.swift; path = APICharactersDataSource.swift; sourceTree = "<group>"; };
		644FAFD52BCECBB9000574BB /* CharactersRepository.swift */ = {isa = PBXFileReference; lastKnownFileType = sourcecode.swift; path = CharactersRepository.swift; sourceTree = "<group>"; };
		644FAFD92BCECF9D000574BB /* CharactersListViewModel.swift */ = {isa = PBXFileReference; lastKnownFileType = sourcecode.swift; path = CharactersListViewModel.swift; sourceTree = "<group>"; };
		644FAFDB2BCED33D000574BB /* Result.swift */ = {isa = PBXFileReference; fileEncoding = 4; lastKnownFileType = sourcecode.swift; path = Result.swift; sourceTree = "<group>"; };
		644FAFDD2BCED40C000574BB /* CharactersListViewFactory.swift */ = {isa = PBXFileReference; lastKnownFileType = sourcecode.swift; path = CharactersListViewFactory.swift; sourceTree = "<group>"; };
		64DAC05B2BCF1165008268F6 /* GetCharactersListUseCase.swift */ = {isa = PBXFileReference; fileEncoding = 4; lastKnownFileType = sourcecode.swift; path = GetCharactersListUseCase.swift; sourceTree = "<group>"; };
		64DAC05E2BCF121A008268F6 /* CharacterDTO.swift */ = {isa = PBXFileReference; lastKnownFileType = sourcecode.swift; path = CharacterDTO.swift; sourceTree = "<group>"; };
		64DAC0602BCF12E6008268F6 /* CharacterDomainMapper.swift */ = {isa = PBXFileReference; lastKnownFileType = sourcecode.swift; path = CharacterDomainMapper.swift; sourceTree = "<group>"; };
		64DAC0632BCF16F3008268F6 /* HTTPClient.swift */ = {isa = PBXFileReference; lastKnownFileType = sourcecode.swift; path = HTTPClient.swift; sourceTree = "<group>"; };
		64DAC0652BCF1773008268F6 /* HTTPClientError.swift */ = {isa = PBXFileReference; lastKnownFileType = sourcecode.swift; path = HTTPClientError.swift; sourceTree = "<group>"; };
		64DAC0672BCF1D5E008268F6 /* CharacterInfo.swift */ = {isa = PBXFileReference; lastKnownFileType = sourcecode.swift; path = CharacterInfo.swift; sourceTree = "<group>"; };
		64DAC0692BCF1ECB008268F6 /* CharacterViewItem.swift */ = {isa = PBXFileReference; lastKnownFileType = sourcecode.swift; path = CharacterViewItem.swift; sourceTree = "<group>"; };
		64DAC06B2BCFA606008268F6 /* CharacterStatus.swift */ = {isa = PBXFileReference; lastKnownFileType = sourcecode.swift; path = CharacterStatus.swift; sourceTree = "<group>"; };
		64DAC06D2BCFB400008268F6 /* CharactersCacheDataSource.swift */ = {isa = PBXFileReference; lastKnownFileType = sourcecode.swift; path = CharactersCacheDataSource.swift; sourceTree = "<group>"; };
		64DAC06F2BCFB457008268F6 /* SwiftDataContainer.swift */ = {isa = PBXFileReference; lastKnownFileType = sourcecode.swift; path = SwiftDataContainer.swift; sourceTree = "<group>"; };
		64DAC0712BCFB698008268F6 /* CharacterInfoData.swift */ = {isa = PBXFileReference; lastKnownFileType = sourcecode.swift; path = CharacterInfoData.swift; sourceTree = "<group>"; };
		64DAC0732BCFB75F008268F6 /* CacheContainerProtocol.swift */ = {isa = PBXFileReference; lastKnownFileType = sourcecode.swift; path = CacheContainerProtocol.swift; sourceTree = "<group>"; };
		64DAC0752BCFB9CA008268F6 /* GetCharacterDetailUseCase.swift */ = {isa = PBXFileReference; lastKnownFileType = sourcecode.swift; path = GetCharacterDetailUseCase.swift; sourceTree = "<group>"; };
		64DAC0792BCFBD48008268F6 /* CharacterGender.swift */ = {isa = PBXFileReference; lastKnownFileType = sourcecode.swift; path = CharacterGender.swift; sourceTree = "<group>"; };
		64DAC07B2BCFC2B1008268F6 /* String.swift */ = {isa = PBXFileReference; lastKnownFileType = sourcecode.swift; path = String.swift; sourceTree = "<group>"; };
		64DAC07D2BCFCB92008268F6 /* CharacterDetailViewModel.swift */ = {isa = PBXFileReference; lastKnownFileType = sourcecode.swift; path = CharacterDetailViewModel.swift; sourceTree = "<group>"; };
		64DAC07F2BCFCC12008268F6 /* CharacterDetailViewItem.swift */ = {isa = PBXFileReference; lastKnownFileType = sourcecode.swift; path = CharacterDetailViewItem.swift; sourceTree = "<group>"; };
		64DAC0812BCFCD11008268F6 /* CharacterDetailViewFactory.swift */ = {isa = PBXFileReference; lastKnownFileType = sourcecode.swift; path = CharacterDetailViewFactory.swift; sourceTree = "<group>"; };
		64DAC0832BCFCD38008268F6 /* CharacterDetailView.swift */ = {isa = PBXFileReference; lastKnownFileType = sourcecode.swift; path = CharacterDetailView.swift; sourceTree = "<group>"; };
		64DAC0852BCFCEC1008268F6 /* CharacterDetailComponentView.swift */ = {isa = PBXFileReference; lastKnownFileType = sourcecode.swift; path = CharacterDetailComponentView.swift; sourceTree = "<group>"; };
/* End PBXFileReference section */

/* Begin PBXFrameworksBuildPhase section */
		644FAECF2BCEBD99000574BB /* Frameworks */ = {
			isa = PBXFrameworksBuildPhase;
			buildActionMask = 2147483647;
			files = (
				644FAFD42BCEC7E8000574BB /* RickMortySwiftApi in Frameworks */,
			);
			runOnlyForDeploymentPostprocessing = 0;
		};
		644FAEE12BCEBD9D000574BB /* Frameworks */ = {
			isa = PBXFrameworksBuildPhase;
			buildActionMask = 2147483647;
			files = (
			);
			runOnlyForDeploymentPostprocessing = 0;
		};
		644FAEEB2BCEBD9D000574BB /* Frameworks */ = {
			isa = PBXFrameworksBuildPhase;
			buildActionMask = 2147483647;
			files = (
			);
			runOnlyForDeploymentPostprocessing = 0;
		};
/* End PBXFrameworksBuildPhase section */

/* Begin PBXGroup section */
		644FAEC92BCEBD99000574BB = {
			isa = PBXGroup;
			children = (
				644FAED42BCEBD99000574BB /* Rick&MortyWiki */,
				644FAEE72BCEBD9D000574BB /* Rick&MortyWikiTests */,
				644FAEF12BCEBD9D000574BB /* Rick&MortyWikiUITests */,
				644FAED32BCEBD99000574BB /* Products */,
				644FAFD22BCEC7E8000574BB /* Frameworks */,
			);
			sourceTree = "<group>";
		};
		644FAED32BCEBD99000574BB /* Products */ = {
			isa = PBXGroup;
			children = (
				644FAED22BCEBD99000574BB /* Rick&MortyWiki.app */,
				644FAEE42BCEBD9D000574BB /* Rick&MortyWikiTests.xctest */,
				644FAEEE2BCEBD9D000574BB /* Rick&MortyWikiUITests.xctest */,
			);
			name = Products;
			sourceTree = "<group>";
		};
		644FAED42BCEBD99000574BB /* Rick&MortyWiki */ = {
			isa = PBXGroup;
			children = (
				644FAF5E2BCEC0E7000574BB /* CompositionRoot */,
				644FAF272BCEBF95000574BB /* Data */,
				644FAF842BCEC0E8000574BB /* Domain */,
				644FAF092BCEBF58000574BB /* Infraesctructure */,
				644FAF582BCEC0E7000574BB /* Data */,
				644FAF6C2BCEC0E7000574BB /* Infraesctructure */,
				644FAF762BCEC0E8000574BB /* Presentation */,
				644FAF5A2BCEC0E7000574BB /* Preview Content */,
				644FAF872BCEC0E8000574BB /* Support */,
				644FAF902BCEC0E8000574BB /* UI */,
				644FAF632BCEC0E7000574BB /* Utils */,
				644FAEDD2BCEBD9D000574BB /* Preview Content */,
			);
			path = "Rick&MortyWiki";
			sourceTree = "<group>";
		};
		644FAEDD2BCEBD9D000574BB /* Preview Content */ = {
			isa = PBXGroup;
			children = (
				644FAEDE2BCEBD9D000574BB /* Preview Assets.xcassets */,
			);
			path = "Preview Content";
			sourceTree = "<group>";
		};
		644FAEE72BCEBD9D000574BB /* Rick&MortyWikiTests */ = {
			isa = PBXGroup;
			children = (
				644FAEE82BCEBD9D000574BB /* Rick_MortyWikiTests.swift */,
			);
			path = "Rick&MortyWikiTests";
			sourceTree = "<group>";
		};
		644FAEF12BCEBD9D000574BB /* Rick&MortyWikiUITests */ = {
			isa = PBXGroup;
			children = (
				644FAEF22BCEBD9D000574BB /* Rick_MortyWikiUITests.swift */,
				644FAEF42BCEBD9D000574BB /* Rick_MortyWikiUITestsLaunchTests.swift */,
			);
			path = "Rick&MortyWikiUITests";
			sourceTree = "<group>";
		};
		644FAF042BCEBF58000574BB /* Data */ = {
			isa = PBXGroup;
			children = (
				64DAC0712BCFB698008268F6 /* CharacterInfoData.swift */,
			);
			path = Data;
			sourceTree = "<group>";
		};
		644FAF092BCEBF58000574BB /* Infraesctructure */ = {
			isa = PBXGroup;
			children = (
				644FAF042BCEBF58000574BB /* Data */,
			);
			path = Infraesctructure;
			sourceTree = "<group>";
		};
		644FAF122BCEBF95000574BB /* Cache */ = {
			isa = PBXGroup;
			children = (
			);
			path = Cache;
			sourceTree = "<group>";
		};
		644FAF1E2BCEBF95000574BB /* Networking */ = {
			isa = PBXGroup;
			children = (
				644FAFD02BCEC50E000574BB /* APICharactersDataSource.swift */,
				64DAC0652BCF1773008268F6 /* HTTPClientError.swift */,
			);
			path = Networking;
			sourceTree = "<group>";
		};
		644FAF222BCEBF95000574BB /* Repositories */ = {
			isa = PBXGroup;
			children = (
				644FAFD52BCECBB9000574BB /* CharactersRepository.swift */,
			);
			path = Repositories;
			sourceTree = "<group>";
		};
		644FAF272BCEBF95000574BB /* Data */ = {
			isa = PBXGroup;
			children = (
				644FAF122BCEBF95000574BB /* Cache */,
				644FAF1E2BCEBF95000574BB /* Networking */,
				644FAF222BCEBF95000574BB /* Repositories */,
				64DAC0602BCF12E6008268F6 /* CharacterDomainMapper.swift */,
			);
			path = Data;
			sourceTree = "<group>";
		};
		644FAF432BCEC0E7000574BB /* Cache */ = {
			isa = PBXGroup;
			children = (
			);
			path = Cache;
			sourceTree = "<group>";
		};
		644FAF4F2BCEC0E7000574BB /* Networking */ = {
			isa = PBXGroup;
			children = (
			);
			path = Networking;
			sourceTree = "<group>";
		};
		644FAF532BCEC0E7000574BB /* Repositories */ = {
			isa = PBXGroup;
			children = (
			);
			path = Repositories;
			sourceTree = "<group>";
		};
		644FAF582BCEC0E7000574BB /* Data */ = {
			isa = PBXGroup;
			children = (
				644FAF432BCEC0E7000574BB /* Cache */,
				64DAC05D2BCF11FE008268F6 /* DTO */,
				644FAF4F2BCEC0E7000574BB /* Networking */,
				644FAF532BCEC0E7000574BB /* Repositories */,
			);
			path = Data;
			sourceTree = "<group>";
		};
		644FAF5A2BCEC0E7000574BB /* Preview Content */ = {
			isa = PBXGroup;
			children = (
				644FAF592BCEC0E7000574BB /* Preview Assets.xcassets */,
			);
			path = "Preview Content";
			sourceTree = "<group>";
		};
		644FAF5E2BCEC0E7000574BB /* CompositionRoot */ = {
			isa = PBXGroup;
			children = (
				644FAFDD2BCED40C000574BB /* CharactersListViewFactory.swift */,
				64DAC0812BCFCD11008268F6 /* CharacterDetailViewFactory.swift */,
			);
			path = CompositionRoot;
			sourceTree = "<group>";
		};
		644FAF622BCEC0E7000574BB /* Extensions */ = {
			isa = PBXGroup;
			children = (
				644FAFDB2BCED33D000574BB /* Result.swift */,
				64DAC07B2BCFC2B1008268F6 /* String.swift */,
			);
			path = Extensions;
			sourceTree = "<group>";
		};
		644FAF632BCEC0E7000574BB /* Utils */ = {
			isa = PBXGroup;
			children = (
				644FAF622BCEC0E7000574BB /* Extensions */,
			);
			path = Utils;
			sourceTree = "<group>";
		};
		644FAF672BCEC0E7000574BB /* Data */ = {
			isa = PBXGroup;
			children = (
				64DAC06D2BCFB400008268F6 /* CharactersCacheDataSource.swift */,
				64DAC0732BCFB75F008268F6 /* CacheContainerProtocol.swift */,
				64DAC06F2BCFB457008268F6 /* SwiftDataContainer.swift */,
			);
			path = Data;
			sourceTree = "<group>";
		};
		644FAF6C2BCEC0E7000574BB /* Infraesctructure */ = {
			isa = PBXGroup;
			children = (
				64DAC0622BCF16E3008268F6 /* Networking */,
				644FAF672BCEC0E7000574BB /* Data */,
			);
			path = Infraesctructure;
			sourceTree = "<group>";
		};
		644FAF712BCEC0E8000574BB /* Models */ = {
			isa = PBXGroup;
			children = (
				64DAC0692BCF1ECB008268F6 /* CharacterViewItem.swift */,
				64DAC07F2BCFCC12008268F6 /* CharacterDetailViewItem.swift */,
			);
			path = Models;
			sourceTree = "<group>";
		};
		644FAF762BCEC0E8000574BB /* Presentation */ = {
			isa = PBXGroup;
			children = (
				644FAF712BCEC0E8000574BB /* Models */,
				644FAFD92BCECF9D000574BB /* CharactersListViewModel.swift */,
				644FAF752BCEC0E8000574BB /* PresentationErrorMapper.swift */,
				64DAC07D2BCFCB92008268F6 /* CharacterDetailViewModel.swift */,
			);
			path = Presentation;
			sourceTree = "<group>";
		};
		644FAF7A2BCEC0E8000574BB /* Entities */ = {
			isa = PBXGroup;
			children = (
				64DAC0672BCF1D5E008268F6 /* CharacterInfo.swift */,
			);
			path = Entities;
			sourceTree = "<group>";
		};
		644FAF7D2BCEC0E8000574BB /* Interfaces */ = {
			isa = PBXGroup;
			children = (
			);
			path = Interfaces;
			sourceTree = "<group>";
		};
		644FAF822BCEC0E8000574BB /* UseCases */ = {
			isa = PBXGroup;
			children = (
				64DAC05B2BCF1165008268F6 /* GetCharactersListUseCase.swift */,
				64DAC0752BCFB9CA008268F6 /* GetCharacterDetailUseCase.swift */,
			);
			path = UseCases;
			sourceTree = "<group>";
		};
		644FAF842BCEC0E8000574BB /* Domain */ = {
			isa = PBXGroup;
			children = (
				644FAF7A2BCEC0E8000574BB /* Entities */,
				644FAF7D2BCEC0E8000574BB /* Interfaces */,
				644FAF822BCEC0E8000574BB /* UseCases */,
				644FAF832BCEC0E8000574BB /* DomainError.swift */,
			);
			path = Domain;
			sourceTree = "<group>";
		};
		644FAF872BCEC0E8000574BB /* Support */ = {
			isa = PBXGroup;
			children = (
				644FAF852BCEC0E8000574BB /* Assets.xcassets */,
				644FAED52BCEBD99000574BB /* Rick_MortyWikiApp.swift */,
			);
			path = Support;
			sourceTree = "<group>";
		};
		644FAF902BCEC0E8000574BB /* UI */ = {
			isa = PBXGroup;
			children = (
				644FAED72BCEBD99000574BB /* MainContentView.swift */,
				644FAF8D2BCEC0E8000574BB /* CharacterCardView.swift */,
				644FAF8F2BCEC0E8000574BB /* CharactersListView.swift */,
				64DAC0832BCFCD38008268F6 /* CharacterDetailView.swift */,
				64DAC0852BCFCEC1008268F6 /* CharacterDetailComponentView.swift */,
				6423C6ED2BCFE3BC00AB94DF /* CreateCharacterDetailViewProtocol.swift */,
			);
			path = UI;
			sourceTree = "<group>";
		};
		644FAFD22BCEC7E8000574BB /* Frameworks */ = {
			isa = PBXGroup;
			children = (
			);
			name = Frameworks;
			sourceTree = "<group>";
		};
		64DAC05D2BCF11FE008268F6 /* DTO */ = {
			isa = PBXGroup;
			children = (
				64DAC05E2BCF121A008268F6 /* CharacterDTO.swift */,
				64DAC06B2BCFA606008268F6 /* CharacterStatus.swift */,
				64DAC0792BCFBD48008268F6 /* CharacterGender.swift */,
			);
			path = DTO;
			sourceTree = "<group>";
		};
		64DAC0622BCF16E3008268F6 /* Networking */ = {
			isa = PBXGroup;
			children = (
				64DAC0632BCF16F3008268F6 /* HTTPClient.swift */,
			);
			path = Networking;
			sourceTree = "<group>";
		};
/* End PBXGroup section */

/* Begin PBXNativeTarget section */
		644FAED12BCEBD99000574BB /* Rick&MortyWiki */ = {
			isa = PBXNativeTarget;
			buildConfigurationList = 644FAEF82BCEBD9D000574BB /* Build configuration list for PBXNativeTarget "Rick&MortyWiki" */;
			buildPhases = (
				644FAECE2BCEBD99000574BB /* Sources */,
				644FAECF2BCEBD99000574BB /* Frameworks */,
				644FAED02BCEBD99000574BB /* Resources */,
			);
			buildRules = (
			);
			dependencies = (
			);
			name = "Rick&MortyWiki";
			packageProductDependencies = (
				644FAFD32BCEC7E8000574BB /* RickMortySwiftApi */,
			);
			productName = "Rick&MortyWiki";
			productReference = 644FAED22BCEBD99000574BB /* Rick&MortyWiki.app */;
			productType = "com.apple.product-type.application";
		};
		644FAEE32BCEBD9D000574BB /* Rick&MortyWikiTests */ = {
			isa = PBXNativeTarget;
			buildConfigurationList = 644FAEFB2BCEBD9D000574BB /* Build configuration list for PBXNativeTarget "Rick&MortyWikiTests" */;
			buildPhases = (
				644FAEE02BCEBD9D000574BB /* Sources */,
				644FAEE12BCEBD9D000574BB /* Frameworks */,
				644FAEE22BCEBD9D000574BB /* Resources */,
			);
			buildRules = (
			);
			dependencies = (
				644FAEE62BCEBD9D000574BB /* PBXTargetDependency */,
			);
			name = "Rick&MortyWikiTests";
			productName = "Rick&MortyWikiTests";
			productReference = 644FAEE42BCEBD9D000574BB /* Rick&MortyWikiTests.xctest */;
			productType = "com.apple.product-type.bundle.unit-test";
		};
		644FAEED2BCEBD9D000574BB /* Rick&MortyWikiUITests */ = {
			isa = PBXNativeTarget;
			buildConfigurationList = 644FAEFE2BCEBD9D000574BB /* Build configuration list for PBXNativeTarget "Rick&MortyWikiUITests" */;
			buildPhases = (
				644FAEEA2BCEBD9D000574BB /* Sources */,
				644FAEEB2BCEBD9D000574BB /* Frameworks */,
				644FAEEC2BCEBD9D000574BB /* Resources */,
			);
			buildRules = (
			);
			dependencies = (
				644FAEF02BCEBD9D000574BB /* PBXTargetDependency */,
			);
			name = "Rick&MortyWikiUITests";
			productName = "Rick&MortyWikiUITests";
			productReference = 644FAEEE2BCEBD9D000574BB /* Rick&MortyWikiUITests.xctest */;
			productType = "com.apple.product-type.bundle.ui-testing";
		};
/* End PBXNativeTarget section */

/* Begin PBXProject section */
		644FAECA2BCEBD99000574BB /* Project object */ = {
			isa = PBXProject;
			attributes = {
				BuildIndependentTargetsInParallel = 1;
				LastSwiftUpdateCheck = 1530;
				LastUpgradeCheck = 1530;
				TargetAttributes = {
					644FAED12BCEBD99000574BB = {
						CreatedOnToolsVersion = 15.3;
					};
					644FAEE32BCEBD9D000574BB = {
						CreatedOnToolsVersion = 15.3;
						TestTargetID = 644FAED12BCEBD99000574BB;
					};
					644FAEED2BCEBD9D000574BB = {
						CreatedOnToolsVersion = 15.3;
						TestTargetID = 644FAED12BCEBD99000574BB;
					};
				};
			};
			buildConfigurationList = 644FAECD2BCEBD99000574BB /* Build configuration list for PBXProject "Rick&MortyWiki" */;
			compatibilityVersion = "Xcode 14.0";
			developmentRegion = en;
			hasScannedForEncodings = 0;
			knownRegions = (
				en,
				Base,
			);
			mainGroup = 644FAEC92BCEBD99000574BB;
			packageReferences = (
				644FAFCD2BCEC20B000574BB /* XCRemoteSwiftPackageReference "Rick-and-Morty-Swift-API" */,
			);
			productRefGroup = 644FAED32BCEBD99000574BB /* Products */;
			projectDirPath = "";
			projectRoot = "";
			targets = (
				644FAED12BCEBD99000574BB /* Rick&MortyWiki */,
				644FAEE32BCEBD9D000574BB /* Rick&MortyWikiTests */,
				644FAEED2BCEBD9D000574BB /* Rick&MortyWikiUITests */,
			);
		};
/* End PBXProject section */

/* Begin PBXResourcesBuildPhase section */
		644FAED02BCEBD99000574BB /* Resources */ = {
			isa = PBXResourcesBuildPhase;
			buildActionMask = 2147483647;
			files = (
				644FAEDF2BCEBD9D000574BB /* Preview Assets.xcassets in Resources */,
				644FAFA42BCEC0E8000574BB /* Preview Assets.xcassets in Resources */,
				644FAFC32BCEC0E8000574BB /* Assets.xcassets in Resources */,
			);
			runOnlyForDeploymentPostprocessing = 0;
		};
		644FAEE22BCEBD9D000574BB /* Resources */ = {
			isa = PBXResourcesBuildPhase;
			buildActionMask = 2147483647;
			files = (
			);
			runOnlyForDeploymentPostprocessing = 0;
		};
		644FAEEC2BCEBD9D000574BB /* Resources */ = {
			isa = PBXResourcesBuildPhase;
			buildActionMask = 2147483647;
			files = (
			);
			runOnlyForDeploymentPostprocessing = 0;
		};
/* End PBXResourcesBuildPhase section */

/* Begin PBXSourcesBuildPhase section */
		644FAECE2BCEBD99000574BB /* Sources */ = {
			isa = PBXSourcesBuildPhase;
			buildActionMask = 2147483647;
			files = (
				644FAFDC2BCED33D000574BB /* Result.swift in Sources */,
				64DAC0682BCF1D5E008268F6 /* CharacterInfo.swift in Sources */,
				644FAED82BCEBD99000574BB /* MainContentView.swift in Sources */,
				6423C6EE2BCFE3BC00AB94DF /* CreateCharacterDetailViewProtocol.swift in Sources */,
				64DAC07C2BCFC2B1008268F6 /* String.swift in Sources */,
				64DAC0642BCF16F3008268F6 /* HTTPClient.swift in Sources */,
				64DAC05F2BCF121A008268F6 /* CharacterDTO.swift in Sources */,
				64DAC0612BCF12E6008268F6 /* CharacterDomainMapper.swift in Sources */,
				644FAFC22BCEC0E8000574BB /* DomainError.swift in Sources */,
				64DAC0662BCF1773008268F6 /* HTTPClientError.swift in Sources */,
				644FAFD12BCEC50E000574BB /* APICharactersDataSource.swift in Sources */,
				64DAC0802BCFCC12008268F6 /* CharacterDetailViewItem.swift in Sources */,
				64DAC0742BCFB75F008268F6 /* CacheContainerProtocol.swift in Sources */,
				64DAC07A2BCFBD48008268F6 /* CharacterGender.swift in Sources */,
				644FAFD62BCECBB9000574BB /* CharactersRepository.swift in Sources */,
				64DAC0762BCFB9CA008268F6 /* GetCharacterDetailUseCase.swift in Sources */,
				64DAC0842BCFCD38008268F6 /* CharacterDetailView.swift in Sources */,
				64DAC05C2BCF1165008268F6 /* GetCharactersListUseCase.swift in Sources */,
				64DAC06E2BCFB400008268F6 /* CharactersCacheDataSource.swift in Sources */,
				64DAC0862BCFCEC1008268F6 /* CharacterDetailComponentView.swift in Sources */,
				64DAC0702BCFB457008268F6 /* SwiftDataContainer.swift in Sources */,
				644FAFCC2BCEC0E8000574BB /* CharactersListView.swift in Sources */,
				64DAC0822BCFCD11008268F6 /* CharacterDetailViewFactory.swift in Sources */,
				644FAED62BCEBD99000574BB /* Rick_MortyWikiApp.swift in Sources */,
				644FAFDA2BCECF9D000574BB /* CharactersListViewModel.swift in Sources */,
				64DAC0722BCFB698008268F6 /* CharacterInfoData.swift in Sources */,
				644FAFB82BCEC0E8000574BB /* PresentationErrorMapper.swift in Sources */,
				64DAC06A2BCF1ECB008268F6 /* CharacterViewItem.swift in Sources */,
				64DAC06C2BCFA606008268F6 /* CharacterStatus.swift in Sources */,
				64DAC07E2BCFCB92008268F6 /* CharacterDetailViewModel.swift in Sources */,
				644FAFDE2BCED40C000574BB /* CharactersListViewFactory.swift in Sources */,
				644FAFCA2BCEC0E8000574BB /* CharacterCardView.swift in Sources */,
			);
			runOnlyForDeploymentPostprocessing = 0;
		};
		644FAEE02BCEBD9D000574BB /* Sources */ = {
			isa = PBXSourcesBuildPhase;
			buildActionMask = 2147483647;
			files = (
				644FAEE92BCEBD9D000574BB /* Rick_MortyWikiTests.swift in Sources */,
			);
			runOnlyForDeploymentPostprocessing = 0;
		};
		644FAEEA2BCEBD9D000574BB /* Sources */ = {
			isa = PBXSourcesBuildPhase;
			buildActionMask = 2147483647;
			files = (
				644FAEF32BCEBD9D000574BB /* Rick_MortyWikiUITests.swift in Sources */,
				644FAEF52BCEBD9D000574BB /* Rick_MortyWikiUITestsLaunchTests.swift in Sources */,
			);
			runOnlyForDeploymentPostprocessing = 0;
		};
/* End PBXSourcesBuildPhase section */

/* Begin PBXTargetDependency section */
		644FAEE62BCEBD9D000574BB /* PBXTargetDependency */ = {
			isa = PBXTargetDependency;
			target = 644FAED12BCEBD99000574BB /* Rick&MortyWiki */;
			targetProxy = 644FAEE52BCEBD9D000574BB /* PBXContainerItemProxy */;
		};
		644FAEF02BCEBD9D000574BB /* PBXTargetDependency */ = {
			isa = PBXTargetDependency;
			target = 644FAED12BCEBD99000574BB /* Rick&MortyWiki */;
			targetProxy = 644FAEEF2BCEBD9D000574BB /* PBXContainerItemProxy */;
		};
/* End PBXTargetDependency section */

/* Begin XCBuildConfiguration section */
		644FAEF62BCEBD9D000574BB /* Debug */ = {
			isa = XCBuildConfiguration;
			buildSettings = {
				ALWAYS_SEARCH_USER_PATHS = NO;
				ASSETCATALOG_COMPILER_GENERATE_SWIFT_ASSET_SYMBOL_EXTENSIONS = YES;
				CLANG_ANALYZER_NONNULL = YES;
				CLANG_ANALYZER_NUMBER_OBJECT_CONVERSION = YES_AGGRESSIVE;
				CLANG_CXX_LANGUAGE_STANDARD = "gnu++20";
				CLANG_ENABLE_MODULES = YES;
				CLANG_ENABLE_OBJC_ARC = YES;
				CLANG_ENABLE_OBJC_WEAK = YES;
				CLANG_WARN_BLOCK_CAPTURE_AUTORELEASING = YES;
				CLANG_WARN_BOOL_CONVERSION = YES;
				CLANG_WARN_COMMA = YES;
				CLANG_WARN_CONSTANT_CONVERSION = YES;
				CLANG_WARN_DEPRECATED_OBJC_IMPLEMENTATIONS = YES;
				CLANG_WARN_DIRECT_OBJC_ISA_USAGE = YES_ERROR;
				CLANG_WARN_DOCUMENTATION_COMMENTS = YES;
				CLANG_WARN_EMPTY_BODY = YES;
				CLANG_WARN_ENUM_CONVERSION = YES;
				CLANG_WARN_INFINITE_RECURSION = YES;
				CLANG_WARN_INT_CONVERSION = YES;
				CLANG_WARN_NON_LITERAL_NULL_CONVERSION = YES;
				CLANG_WARN_OBJC_IMPLICIT_RETAIN_SELF = YES;
				CLANG_WARN_OBJC_LITERAL_CONVERSION = YES;
				CLANG_WARN_OBJC_ROOT_CLASS = YES_ERROR;
				CLANG_WARN_QUOTED_INCLUDE_IN_FRAMEWORK_HEADER = YES;
				CLANG_WARN_RANGE_LOOP_ANALYSIS = YES;
				CLANG_WARN_STRICT_PROTOTYPES = YES;
				CLANG_WARN_SUSPICIOUS_MOVE = YES;
				CLANG_WARN_UNGUARDED_AVAILABILITY = YES_AGGRESSIVE;
				CLANG_WARN_UNREACHABLE_CODE = YES;
				CLANG_WARN__DUPLICATE_METHOD_MATCH = YES;
				COPY_PHASE_STRIP = NO;
				DEBUG_INFORMATION_FORMAT = dwarf;
				ENABLE_STRICT_OBJC_MSGSEND = YES;
				ENABLE_TESTABILITY = YES;
				ENABLE_USER_SCRIPT_SANDBOXING = YES;
				GCC_C_LANGUAGE_STANDARD = gnu17;
				GCC_DYNAMIC_NO_PIC = NO;
				GCC_NO_COMMON_BLOCKS = YES;
				GCC_OPTIMIZATION_LEVEL = 0;
				GCC_PREPROCESSOR_DEFINITIONS = (
					"DEBUG=1",
					"$(inherited)",
				);
				GCC_WARN_64_TO_32_BIT_CONVERSION = YES;
				GCC_WARN_ABOUT_RETURN_TYPE = YES_ERROR;
				GCC_WARN_UNDECLARED_SELECTOR = YES;
				GCC_WARN_UNINITIALIZED_AUTOS = YES_AGGRESSIVE;
				GCC_WARN_UNUSED_FUNCTION = YES;
				GCC_WARN_UNUSED_VARIABLE = YES;
				IPHONEOS_DEPLOYMENT_TARGET = 17.4;
				LOCALIZATION_PREFERS_STRING_CATALOGS = YES;
				MTL_ENABLE_DEBUG_INFO = INCLUDE_SOURCE;
				MTL_FAST_MATH = YES;
				ONLY_ACTIVE_ARCH = YES;
				SDKROOT = iphoneos;
				SWIFT_ACTIVE_COMPILATION_CONDITIONS = "DEBUG $(inherited)";
				SWIFT_OPTIMIZATION_LEVEL = "-Onone";
			};
			name = Debug;
		};
		644FAEF72BCEBD9D000574BB /* Release */ = {
			isa = XCBuildConfiguration;
			buildSettings = {
				ALWAYS_SEARCH_USER_PATHS = NO;
				ASSETCATALOG_COMPILER_GENERATE_SWIFT_ASSET_SYMBOL_EXTENSIONS = YES;
				CLANG_ANALYZER_NONNULL = YES;
				CLANG_ANALYZER_NUMBER_OBJECT_CONVERSION = YES_AGGRESSIVE;
				CLANG_CXX_LANGUAGE_STANDARD = "gnu++20";
				CLANG_ENABLE_MODULES = YES;
				CLANG_ENABLE_OBJC_ARC = YES;
				CLANG_ENABLE_OBJC_WEAK = YES;
				CLANG_WARN_BLOCK_CAPTURE_AUTORELEASING = YES;
				CLANG_WARN_BOOL_CONVERSION = YES;
				CLANG_WARN_COMMA = YES;
				CLANG_WARN_CONSTANT_CONVERSION = YES;
				CLANG_WARN_DEPRECATED_OBJC_IMPLEMENTATIONS = YES;
				CLANG_WARN_DIRECT_OBJC_ISA_USAGE = YES_ERROR;
				CLANG_WARN_DOCUMENTATION_COMMENTS = YES;
				CLANG_WARN_EMPTY_BODY = YES;
				CLANG_WARN_ENUM_CONVERSION = YES;
				CLANG_WARN_INFINITE_RECURSION = YES;
				CLANG_WARN_INT_CONVERSION = YES;
				CLANG_WARN_NON_LITERAL_NULL_CONVERSION = YES;
				CLANG_WARN_OBJC_IMPLICIT_RETAIN_SELF = YES;
				CLANG_WARN_OBJC_LITERAL_CONVERSION = YES;
				CLANG_WARN_OBJC_ROOT_CLASS = YES_ERROR;
				CLANG_WARN_QUOTED_INCLUDE_IN_FRAMEWORK_HEADER = YES;
				CLANG_WARN_RANGE_LOOP_ANALYSIS = YES;
				CLANG_WARN_STRICT_PROTOTYPES = YES;
				CLANG_WARN_SUSPICIOUS_MOVE = YES;
				CLANG_WARN_UNGUARDED_AVAILABILITY = YES_AGGRESSIVE;
				CLANG_WARN_UNREACHABLE_CODE = YES;
				CLANG_WARN__DUPLICATE_METHOD_MATCH = YES;
				COPY_PHASE_STRIP = NO;
				DEBUG_INFORMATION_FORMAT = "dwarf-with-dsym";
				ENABLE_NS_ASSERTIONS = NO;
				ENABLE_STRICT_OBJC_MSGSEND = YES;
				ENABLE_USER_SCRIPT_SANDBOXING = YES;
				GCC_C_LANGUAGE_STANDARD = gnu17;
				GCC_NO_COMMON_BLOCKS = YES;
				GCC_WARN_64_TO_32_BIT_CONVERSION = YES;
				GCC_WARN_ABOUT_RETURN_TYPE = YES_ERROR;
				GCC_WARN_UNDECLARED_SELECTOR = YES;
				GCC_WARN_UNINITIALIZED_AUTOS = YES_AGGRESSIVE;
				GCC_WARN_UNUSED_FUNCTION = YES;
				GCC_WARN_UNUSED_VARIABLE = YES;
				IPHONEOS_DEPLOYMENT_TARGET = 17.4;
				LOCALIZATION_PREFERS_STRING_CATALOGS = YES;
				MTL_ENABLE_DEBUG_INFO = NO;
				MTL_FAST_MATH = YES;
				SDKROOT = iphoneos;
				SWIFT_COMPILATION_MODE = wholemodule;
				VALIDATE_PRODUCT = YES;
			};
			name = Release;
		};
		644FAEF92BCEBD9D000574BB /* Debug */ = {
			isa = XCBuildConfiguration;
			buildSettings = {
				ASSETCATALOG_COMPILER_APPICON_NAME = AppIcon;
				ASSETCATALOG_COMPILER_GLOBAL_ACCENT_COLOR_NAME = AccentColor;
				CODE_SIGN_STYLE = Automatic;
				CURRENT_PROJECT_VERSION = 1;
				DEVELOPMENT_ASSET_PATHS = "\"Rick&MortyWiki/Preview Content\"";
				DEVELOPMENT_TEAM = E4FS2YTF43;
				ENABLE_PREVIEWS = YES;
				GENERATE_INFOPLIST_FILE = YES;
				INFOPLIST_KEY_UIApplicationSceneManifest_Generation = YES;
				INFOPLIST_KEY_UIApplicationSupportsIndirectInputEvents = YES;
				INFOPLIST_KEY_UILaunchScreen_Generation = YES;
				INFOPLIST_KEY_UISupportedInterfaceOrientations_iPad = "UIInterfaceOrientationPortrait UIInterfaceOrientationPortraitUpsideDown UIInterfaceOrientationLandscapeLeft UIInterfaceOrientationLandscapeRight";
				INFOPLIST_KEY_UISupportedInterfaceOrientations_iPhone = "UIInterfaceOrientationPortrait UIInterfaceOrientationLandscapeLeft UIInterfaceOrientationLandscapeRight";
				LD_RUNPATH_SEARCH_PATHS = (
					"$(inherited)",
					"@executable_path/Frameworks",
				);
				MARKETING_VERSION = 1.0;
				PRODUCT_BUNDLE_IDENTIFIER = "UtilApps.Rick-MortyWiki";
				PRODUCT_NAME = "$(TARGET_NAME)";
				SUPPORTED_PLATFORMS = "iphoneos iphonesimulator";
				SUPPORTS_MACCATALYST = NO;
				SUPPORTS_MAC_DESIGNED_FOR_IPHONE_IPAD = NO;
				SUPPORTS_XR_DESIGNED_FOR_IPHONE_IPAD = NO;
				SWIFT_EMIT_LOC_STRINGS = YES;
				SWIFT_VERSION = 5.0;
				TARGETED_DEVICE_FAMILY = "1,2";
			};
			name = Debug;
		};
		644FAEFA2BCEBD9D000574BB /* Release */ = {
			isa = XCBuildConfiguration;
			buildSettings = {
				ASSETCATALOG_COMPILER_APPICON_NAME = AppIcon;
				ASSETCATALOG_COMPILER_GLOBAL_ACCENT_COLOR_NAME = AccentColor;
				CODE_SIGN_STYLE = Automatic;
				CURRENT_PROJECT_VERSION = 1;
				DEVELOPMENT_ASSET_PATHS = "\"Rick&MortyWiki/Preview Content\"";
				DEVELOPMENT_TEAM = E4FS2YTF43;
				ENABLE_PREVIEWS = YES;
				GENERATE_INFOPLIST_FILE = YES;
				INFOPLIST_KEY_UIApplicationSceneManifest_Generation = YES;
				INFOPLIST_KEY_UIApplicationSupportsIndirectInputEvents = YES;
				INFOPLIST_KEY_UILaunchScreen_Generation = YES;
				INFOPLIST_KEY_UISupportedInterfaceOrientations_iPad = "UIInterfaceOrientationPortrait UIInterfaceOrientationPortraitUpsideDown UIInterfaceOrientationLandscapeLeft UIInterfaceOrientationLandscapeRight";
				INFOPLIST_KEY_UISupportedInterfaceOrientations_iPhone = "UIInterfaceOrientationPortrait UIInterfaceOrientationLandscapeLeft UIInterfaceOrientationLandscapeRight";
				LD_RUNPATH_SEARCH_PATHS = (
					"$(inherited)",
					"@executable_path/Frameworks",
				);
				MARKETING_VERSION = 1.0;
				PRODUCT_BUNDLE_IDENTIFIER = "UtilApps.Rick-MortyWiki";
				PRODUCT_NAME = "$(TARGET_NAME)";
				SUPPORTED_PLATFORMS = "iphoneos iphonesimulator";
				SUPPORTS_MACCATALYST = NO;
				SUPPORTS_MAC_DESIGNED_FOR_IPHONE_IPAD = NO;
				SUPPORTS_XR_DESIGNED_FOR_IPHONE_IPAD = NO;
				SWIFT_EMIT_LOC_STRINGS = YES;
				SWIFT_VERSION = 5.0;
				TARGETED_DEVICE_FAMILY = "1,2";
			};
			name = Release;
		};
		644FAEFC2BCEBD9D000574BB /* Debug */ = {
			isa = XCBuildConfiguration;
			buildSettings = {
				ALWAYS_EMBED_SWIFT_STANDARD_LIBRARIES = YES;
				BUNDLE_LOADER = "$(TEST_HOST)";
				CODE_SIGN_STYLE = Automatic;
				CURRENT_PROJECT_VERSION = 1;
				DEVELOPMENT_TEAM = E4FS2YTF43;
				GENERATE_INFOPLIST_FILE = YES;
				IPHONEOS_DEPLOYMENT_TARGET = 17.4;
				MARKETING_VERSION = 1.0;
				PRODUCT_BUNDLE_IDENTIFIER = "UtilApps.Rick-MortyWikiTests";
				PRODUCT_NAME = "$(TARGET_NAME)";
				SWIFT_EMIT_LOC_STRINGS = NO;
				SWIFT_VERSION = 5.0;
				TARGETED_DEVICE_FAMILY = "1,2";
				TEST_HOST = "$(BUILT_PRODUCTS_DIR)/Rick&MortyWiki.app/$(BUNDLE_EXECUTABLE_FOLDER_PATH)/Rick&MortyWiki";
			};
			name = Debug;
		};
		644FAEFD2BCEBD9D000574BB /* Release */ = {
			isa = XCBuildConfiguration;
			buildSettings = {
				ALWAYS_EMBED_SWIFT_STANDARD_LIBRARIES = YES;
				BUNDLE_LOADER = "$(TEST_HOST)";
				CODE_SIGN_STYLE = Automatic;
				CURRENT_PROJECT_VERSION = 1;
				DEVELOPMENT_TEAM = E4FS2YTF43;
				GENERATE_INFOPLIST_FILE = YES;
				IPHONEOS_DEPLOYMENT_TARGET = 17.4;
				MARKETING_VERSION = 1.0;
				PRODUCT_BUNDLE_IDENTIFIER = "UtilApps.Rick-MortyWikiTests";
				PRODUCT_NAME = "$(TARGET_NAME)";
				SWIFT_EMIT_LOC_STRINGS = NO;
				SWIFT_VERSION = 5.0;
				TARGETED_DEVICE_FAMILY = "1,2";
				TEST_HOST = "$(BUILT_PRODUCTS_DIR)/Rick&MortyWiki.app/$(BUNDLE_EXECUTABLE_FOLDER_PATH)/Rick&MortyWiki";
			};
			name = Release;
		};
		644FAEFF2BCEBD9D000574BB /* Debug */ = {
			isa = XCBuildConfiguration;
			buildSettings = {
				ALWAYS_EMBED_SWIFT_STANDARD_LIBRARIES = YES;
				CODE_SIGN_STYLE = Automatic;
				CURRENT_PROJECT_VERSION = 1;
				DEVELOPMENT_TEAM = E4FS2YTF43;
				GENERATE_INFOPLIST_FILE = YES;
				MARKETING_VERSION = 1.0;
				PRODUCT_BUNDLE_IDENTIFIER = "UtilApps.Rick-MortyWikiUITests";
				PRODUCT_NAME = "$(TARGET_NAME)";
				SWIFT_EMIT_LOC_STRINGS = NO;
				SWIFT_VERSION = 5.0;
				TARGETED_DEVICE_FAMILY = "1,2";
				TEST_TARGET_NAME = "Rick&MortyWiki";
			};
			name = Debug;
		};
		644FAF002BCEBD9D000574BB /* Release */ = {
			isa = XCBuildConfiguration;
			buildSettings = {
				ALWAYS_EMBED_SWIFT_STANDARD_LIBRARIES = YES;
				CODE_SIGN_STYLE = Automatic;
				CURRENT_PROJECT_VERSION = 1;
				DEVELOPMENT_TEAM = E4FS2YTF43;
				GENERATE_INFOPLIST_FILE = YES;
				MARKETING_VERSION = 1.0;
				PRODUCT_BUNDLE_IDENTIFIER = "UtilApps.Rick-MortyWikiUITests";
				PRODUCT_NAME = "$(TARGET_NAME)";
				SWIFT_EMIT_LOC_STRINGS = NO;
				SWIFT_VERSION = 5.0;
				TARGETED_DEVICE_FAMILY = "1,2";
				TEST_TARGET_NAME = "Rick&MortyWiki";
			};
			name = Release;
		};
/* End XCBuildConfiguration section */

/* Begin XCConfigurationList section */
		644FAECD2BCEBD99000574BB /* Build configuration list for PBXProject "Rick&MortyWiki" */ = {
			isa = XCConfigurationList;
			buildConfigurations = (
				644FAEF62BCEBD9D000574BB /* Debug */,
				644FAEF72BCEBD9D000574BB /* Release */,
			);
			defaultConfigurationIsVisible = 0;
			defaultConfigurationName = Release;
		};
		644FAEF82BCEBD9D000574BB /* Build configuration list for PBXNativeTarget "Rick&MortyWiki" */ = {
			isa = XCConfigurationList;
			buildConfigurations = (
				644FAEF92BCEBD9D000574BB /* Debug */,
				644FAEFA2BCEBD9D000574BB /* Release */,
			);
			defaultConfigurationIsVisible = 0;
			defaultConfigurationName = Release;
		};
		644FAEFB2BCEBD9D000574BB /* Build configuration list for PBXNativeTarget "Rick&MortyWikiTests" */ = {
			isa = XCConfigurationList;
			buildConfigurations = (
				644FAEFC2BCEBD9D000574BB /* Debug */,
				644FAEFD2BCEBD9D000574BB /* Release */,
			);
			defaultConfigurationIsVisible = 0;
			defaultConfigurationName = Release;
		};
		644FAEFE2BCEBD9D000574BB /* Build configuration list for PBXNativeTarget "Rick&MortyWikiUITests" */ = {
			isa = XCConfigurationList;
			buildConfigurations = (
				644FAEFF2BCEBD9D000574BB /* Debug */,
				644FAF002BCEBD9D000574BB /* Release */,
			);
			defaultConfigurationIsVisible = 0;
			defaultConfigurationName = Release;
		};
/* End XCConfigurationList section */

/* Begin XCRemoteSwiftPackageReference section */
		644FAFCD2BCEC20B000574BB /* XCRemoteSwiftPackageReference "Rick-and-Morty-Swift-API" */ = {
			isa = XCRemoteSwiftPackageReference;
			repositoryURL = "https://github.com/benjaminbruch/Rick-and-Morty-Swift-API";
			requirement = {
				branch = main;
				kind = branch;
			};
		};
/* End XCRemoteSwiftPackageReference section */

/* Begin XCSwiftPackageProductDependency section */
		644FAFD32BCEC7E8000574BB /* RickMortySwiftApi */ = {
			isa = XCSwiftPackageProductDependency;
			package = 644FAFCD2BCEC20B000574BB /* XCRemoteSwiftPackageReference "Rick-and-Morty-Swift-API" */;
			productName = RickMortySwiftApi;
		};
/* End XCSwiftPackageProductDependency section */
	};
	rootObject = 644FAECA2BCEBD99000574BB /* Project object */;
}
